
Microsoft Visual Studio Solution File, Format Version 12.00
# Visual Studio 2013
VisualStudioVersion = 12.0.21005.1
MinimumVisualStudioVersion = 10.0.40219.1
Project("{FAE04EC0-301F-11D3-BF4B-00C04F79EFBC}") = "Set", "Set\Set.csproj", "{4FA8F972-141A-4649-A333-E2A3B1BE08D6}"
EndProject
Project("{FAE04EC0-301F-11D3-BF4B-00C04F79EFBC}") = "SetTest", "SetTest\SetTest.csproj", "{7308E68D-E534-4413-953B-4CF980774628}"
EndProject
Global
	GlobalSection(SolutionConfigurationPlatforms) = preSolution
		Debug|Any CPU = Debug|Any CPU
		Release|Any CPU = Release|Any CPU
	EndGlobalSection
	GlobalSection(ProjectConfigurationPlatforms) = postSolution
		{4FA8F972-141A-4649-A333-E2A3B1BE08D6}.Debug|Any CPU.ActiveCfg = Debug|Any CPU
		{4FA8F972-141A-4649-A333-E2A3B1BE08D6}.Debug|Any CPU.Build.0 = Debug|Any CPU
		{4FA8F972-141A-4649-A333-E2A3B1BE08D6}.Release|Any CPU.ActiveCfg = Release|Any CPU
		{4FA8F972-141A-4649-A333-E2A3B1BE08D6}.Release|Any CPU.Build.0 = Release|Any CPU
		{7308E68D-E534-4413-953B-4CF980774628}.Debug|Any CPU.ActiveCfg = Debug|Any CPU
		{7308E68D-E534-4413-953B-4CF980774628}.Debug|Any CPU.Build.0 = Debug|Any CPU
		{7308E68D-E534-4413-953B-4CF980774628}.Release|Any CPU.ActiveCfg = Release|Any CPU
		{7308E68D-E534-4413-953B-4CF980774628}.Release|Any CPU.Build.0 = Release|Any CPU
	EndGlobalSection
	GlobalSection(SolutionProperties) = preSolution
		HideSolutionNode = FALSE
	EndGlobalSection
EndGlobal
