
Microsoft Visual Studio Solution File, Format Version 12.00
# Visual Studio 2013
VisualStudioVersion = 12.0.21005.1
MinimumVisualStudioVersion = 10.0.40219.1
Project("{8BC9CEB8-8B4A-11D0-8D11-00A0C91BC942}") = "examTask3", "examTask3\examTask3.vcxproj", "{15FF2B7C-234F-43B1-BC2B-55B7280F790F}"
EndProject
Global
	GlobalSection(SolutionConfigurationPlatforms) = preSolution
		Debug|Win32 = Debug|Win32
		Release|Win32 = Release|Win32
	EndGlobalSection
	GlobalSection(ProjectConfigurationPlatforms) = postSolution
		{15FF2B7C-234F-43B1-BC2B-55B7280F790F}.Debug|Win32.ActiveCfg = Debug|Win32
		{15FF2B7C-234F-43B1-BC2B-55B7280F790F}.Debug|Win32.Build.0 = Debug|Win32
		{15FF2B7C-234F-43B1-BC2B-55B7280F790F}.Release|Win32.ActiveCfg = Release|Win32
		{15FF2B7C-234F-43B1-BC2B-55B7280F790F}.Release|Win32.Build.0 = Release|Win32
	EndGlobalSection
	GlobalSection(SolutionProperties) = preSolution
		HideSolutionNode = FALSE
	EndGlobalSection
EndGlobal
